
Microsoft Visual Studio Solution File, Format Version 12.00
# Visual Studio Version 17
VisualStudioVersion = 17.5.002.0
MinimumVisualStudioVersion = 10.0.40219.1
Project("{9A19103F-16F7-4668-BE54-9A1E7A4F7556}") = "SignupApp", "SignupApp.csproj", "{07A7849F-C65A-479A-A836-8F6220D70AB9}"
EndProject
Global
	GlobalSection(SolutionConfigurationPlatforms) = preSolution
		Debug|Any CPU = Debug|Any CPU
		Release|Any CPU = Release|Any CPU
	EndGlobalSection
	GlobalSection(ProjectConfigurationPlatforms) = postSolution
		{07A7849F-C65A-479A-A836-8F6220D70AB9}.Debug|Any CPU.ActiveCfg = Debug|Any CPU
		{07A7849F-C65A-479A-A836-8F6220D70AB9}.Debug|Any CPU.Build.0 = Debug|Any CPU
		{07A7849F-C65A-479A-A836-8F6220D70AB9}.Release|Any CPU.ActiveCfg = Release|Any CPU
		{07A7849F-C65A-479A-A836-8F6220D70AB9}.Release|Any CPU.Build.0 = Release|Any CPU
	EndGlobalSection
	GlobalSection(SolutionProperties) = preSolution
		HideSolutionNode = FALSE
	EndGlobalSection
	GlobalSection(ExtensibilityGlobals) = postSolution
		SolutionGuid = {3D4B10DB-B4FC-482D-B08B-0B016162EFFC}
	EndGlobalSection
EndGlobal
